
Microsoft Visual Studio Solution File, Format Version 12.00
# Visual Studio Version 17
VisualStudioVersion = 17.5.002.0
MinimumVisualStudioVersion = 10.0.40219.1
Project("{9A19103F-16F7-4668-BE54-9A1E7A4F7556}") = "ArcadiaCSNavAPI", "ArcadiaCSNavAPI.csproj", "{FC38F71B-412C-4C8F-B1A3-CA3BF6AF208A}"
EndProject
Global
	GlobalSection(SolutionConfigurationPlatforms) = preSolution
		Debug|Any CPU = Debug|Any CPU
		Release|Any CPU = Release|Any CPU
	EndGlobalSection
	GlobalSection(ProjectConfigurationPlatforms) = postSolution
		{FC38F71B-412C-4C8F-B1A3-CA3BF6AF208A}.Debug|Any CPU.ActiveCfg = Debug|Any CPU
		{FC38F71B-412C-4C8F-B1A3-CA3BF6AF208A}.Debug|Any CPU.Build.0 = Debug|Any CPU
		{FC38F71B-412C-4C8F-B1A3-CA3BF6AF208A}.Release|Any CPU.ActiveCfg = Release|Any CPU
		{FC38F71B-412C-4C8F-B1A3-CA3BF6AF208A}.Release|Any CPU.Build.0 = Release|Any CPU
	EndGlobalSection
	GlobalSection(SolutionProperties) = preSolution
		HideSolutionNode = FALSE
	EndGlobalSection
	GlobalSection(ExtensibilityGlobals) = postSolution
		SolutionGuid = {2B73500F-381B-4350-8552-FE648A9F56D3}
	EndGlobalSection
EndGlobal
